
Microsoft Visual Studio Solution File, Format Version 12.00
# Visual Studio Version 17
VisualStudioVersion = 17.5.002.0
MinimumVisualStudioVersion = 10.0.40219.1
Project("{2150E333-8FDC-42A3-9474-1A3956D46DE8}") = "csharp-prep", "csharp-prep", "{CD2B2F5E-0A78-4081-BFD5-F7F6DF5CE0F3}"
EndProject
Project("{9A19103F-16F7-4668-BE54-9A1E7A4F7556}") = "Prep1", "csharp-prep\Prep1\Prep1.csproj", "{2637AE12-67A3-4DD9-B736-D445E230991B}"
EndProject
Project("{9A19103F-16F7-4668-BE54-9A1E7A4F7556}") = "Prep2", "csharp-prep\Prep2\Prep2.csproj", "{ACEB1D2C-D5F6-453B-9AB9-14F8C7C3EF72}"
EndProject
Project("{9A19103F-16F7-4668-BE54-9A1E7A4F7556}") = "Prep3", "csharp-prep\Prep3\Prep3.csproj", "{EAA3ED7F-B208-4FC7-BA49-7EA50D85750C}"
EndProject
Project("{9A19103F-16F7-4668-BE54-9A1E7A4F7556}") = "Prep4", "csharp-prep\Prep4\Prep4.csproj", "{B90A3F2A-B293-4403-A035-6826D451C99C}"
EndProject
Project("{9A19103F-16F7-4668-BE54-9A1E7A4F7556}") = "Prep5", "csharp-prep\Prep5\Prep5.csproj", "{A77C1E6D-0DAE-49CF-A5CD-59397FB4022B}"
EndProject
Project("{2150E333-8FDC-42A3-9474-1A3956D46DE8}") = "final", "final", "{B77C6095-2D0F-44D5-906E-C45F16F6E226}"
EndProject
Project("{9A19103F-16F7-4668-BE54-9A1E7A4F7556}") = "FinalProject", "final\FinalProject\FinalProject.csproj", "{B7D1DBB1-793E-4CCB-8813-C4837A7F6AE9}"
EndProject
Project("{9A19103F-16F7-4668-BE54-9A1E7A4F7556}") = "Foundation1", "final\Foundation1\Foundation1.csproj", "{0169A3B5-ABC6-4454-A01F-6DAD92D2161F}"
EndProject
Project("{9A19103F-16F7-4668-BE54-9A1E7A4F7556}") = "Foundation2", "final\Foundation2\Foundation2.csproj", "{12F576E6-84D0-4D32-B148-5B065E9D838A}"
EndProject
Project("{9A19103F-16F7-4668-BE54-9A1E7A4F7556}") = "Foundation3", "final\Foundation3\Foundation3.csproj", "{460CBBE3-3EEF-4F06-BFBB-689732F769C8}"
EndProject
Project("{9A19103F-16F7-4668-BE54-9A1E7A4F7556}") = "Foundation4", "final\Foundation4\Foundation4.csproj", "{A1A362FC-503A-406E-8117-FC902928933B}"
EndProject
Project("{2150E333-8FDC-42A3-9474-1A3956D46DE8}") = "prepare", "prepare", "{9C43FEAC-8509-47A1-A117-26733B8A94D1}"
EndProject
Project("{9A19103F-16F7-4668-BE54-9A1E7A4F7556}") = "Learning02", "prepare\Learning02\Learning02.csproj", "{DFEFC56B-8A5C-48EC-9F01-E2CEE78E64BA}"
EndProject
Project("{9A19103F-16F7-4668-BE54-9A1E7A4F7556}") = "Learning03", "prepare\Learning03\Learning03.csproj", "{930B968F-966C-4696-915B-DC9A7D461AE7}"
EndProject
Project("{9A19103F-16F7-4668-BE54-9A1E7A4F7556}") = "Learning04", "prepare\Learning04\Learning04.csproj", "{7DC10E99-83D2-4FD9-A813-ED8190AA8F79}"
EndProject
Project("{9A19103F-16F7-4668-BE54-9A1E7A4F7556}") = "Learning05", "prepare\Learning05\Learning05.csproj", "{4B731DEB-05F3-4C2C-8383-96897E544D03}"
EndProject
Project("{2150E333-8FDC-42A3-9474-1A3956D46DE8}") = "prove", "prove", "{D522F230-8EF0-4F6B-A4E4-A45753AA2B61}"
EndProject
Project("{9A19103F-16F7-4668-BE54-9A1E7A4F7556}") = "Develop02", "prove\Develop02\Develop02.csproj", "{7C0B0BA6-4356-42AF-AA1D-87B03AE36E7D}"
EndProject
Project("{9A19103F-16F7-4668-BE54-9A1E7A4F7556}") = "Develop03", "prove\Develop03\Develop03.csproj", "{6AABE597-E079-4E82-8E0F-B493E6A5C2F9}"
EndProject
Project("{9A19103F-16F7-4668-BE54-9A1E7A4F7556}") = "Develop04", "prove\Develop04\Develop04.csproj", "{B684FE8A-EA15-42ED-9765-1E8591FDE0D7}"
EndProject
Project("{9A19103F-16F7-4668-BE54-9A1E7A4F7556}") = "Develop05", "prove\Develop05\Develop05.csproj", "{635D62C7-624C-4E96-8294-85C5A62F2FF4}"
EndProject
Project("{2150E333-8FDC-42A3-9474-1A3956D46DE8}") = "sandbox", "sandbox", "{3EEABA5C-314C-4DA1-AD72-87042536490E}"
EndProject
Project("{9A19103F-16F7-4668-BE54-9A1E7A4F7556}") = "Sandbox", "sandbox\Sandbox\Sandbox.csproj", "{EDABE7DA-6CC0-45B4-A1AA-7E53BA208B0B}"
EndProject
Global
	GlobalSection(SolutionConfigurationPlatforms) = preSolution
		Debug|Any CPU = Debug|Any CPU
		Release|Any CPU = Release|Any CPU
	EndGlobalSection
	GlobalSection(ProjectConfigurationPlatforms) = postSolution
		{2637AE12-67A3-4DD9-B736-D445E230991B}.Debug|Any CPU.ActiveCfg = Debug|Any CPU
		{2637AE12-67A3-4DD9-B736-D445E230991B}.Debug|Any CPU.Build.0 = Debug|Any CPU
		{2637AE12-67A3-4DD9-B736-D445E230991B}.Release|Any CPU.ActiveCfg = Release|Any CPU
		{2637AE12-67A3-4DD9-B736-D445E230991B}.Release|Any CPU.Build.0 = Release|Any CPU
		{ACEB1D2C-D5F6-453B-9AB9-14F8C7C3EF72}.Debug|Any CPU.ActiveCfg = Debug|Any CPU
		{ACEB1D2C-D5F6-453B-9AB9-14F8C7C3EF72}.Debug|Any CPU.Build.0 = Debug|Any CPU
		{ACEB1D2C-D5F6-453B-9AB9-14F8C7C3EF72}.Release|Any CPU.ActiveCfg = Release|Any CPU
		{ACEB1D2C-D5F6-453B-9AB9-14F8C7C3EF72}.Release|Any CPU.Build.0 = Release|Any CPU
		{EAA3ED7F-B208-4FC7-BA49-7EA50D85750C}.Debug|Any CPU.ActiveCfg = Debug|Any CPU
		{EAA3ED7F-B208-4FC7-BA49-7EA50D85750C}.Debug|Any CPU.Build.0 = Debug|Any CPU
		{EAA3ED7F-B208-4FC7-BA49-7EA50D85750C}.Release|Any CPU.ActiveCfg = Release|Any CPU
		{EAA3ED7F-B208-4FC7-BA49-7EA50D85750C}.Release|Any CPU.Build.0 = Release|Any CPU
		{B90A3F2A-B293-4403-A035-6826D451C99C}.Debug|Any CPU.ActiveCfg = Debug|Any CPU
		{B90A3F2A-B293-4403-A035-6826D451C99C}.Debug|Any CPU.Build.0 = Debug|Any CPU
		{B90A3F2A-B293-4403-A035-6826D451C99C}.Release|Any CPU.ActiveCfg = Release|Any CPU
		{B90A3F2A-B293-4403-A035-6826D451C99C}.Release|Any CPU.Build.0 = Release|Any CPU
		{A77C1E6D-0DAE-49CF-A5CD-59397FB4022B}.Debug|Any CPU.ActiveCfg = Debug|Any CPU
		{A77C1E6D-0DAE-49CF-A5CD-59397FB4022B}.Debug|Any CPU.Build.0 = Debug|Any CPU
		{A77C1E6D-0DAE-49CF-A5CD-59397FB4022B}.Release|Any CPU.ActiveCfg = Release|Any CPU
		{A77C1E6D-0DAE-49CF-A5CD-59397FB4022B}.Release|Any CPU.Build.0 = Release|Any CPU
		{B7D1DBB1-793E-4CCB-8813-C4837A7F6AE9}.Debug|Any CPU.ActiveCfg = Debug|Any CPU
		{B7D1DBB1-793E-4CCB-8813-C4837A7F6AE9}.Debug|Any CPU.Build.0 = Debug|Any CPU
		{B7D1DBB1-793E-4CCB-8813-C4837A7F6AE9}.Release|Any CPU.ActiveCfg = Release|Any CPU
		{B7D1DBB1-793E-4CCB-8813-C4837A7F6AE9}.Release|Any CPU.Build.0 = Release|Any CPU
		{0169A3B5-ABC6-4454-A01F-6DAD92D2161F}.Debug|Any CPU.ActiveCfg = Debug|Any CPU
		{0169A3B5-ABC6-4454-A01F-6DAD92D2161F}.Debug|Any CPU.Build.0 = Debug|Any CPU
		{0169A3B5-ABC6-4454-A01F-6DAD92D2161F}.Release|Any CPU.ActiveCfg = Release|Any CPU
		{0169A3B5-ABC6-4454-A01F-6DAD92D2161F}.Release|Any CPU.Build.0 = Release|Any CPU
		{12F576E6-84D0-4D32-B148-5B065E9D838A}.Debug|Any CPU.ActiveCfg = Debug|Any CPU
		{12F576E6-84D0-4D32-B148-5B065E9D838A}.Debug|Any CPU.Build.0 = Debug|Any CPU
		{12F576E6-84D0-4D32-B148-5B065E9D838A}.Release|Any CPU.ActiveCfg = Release|Any CPU
		{12F576E6-84D0-4D32-B148-5B065E9D838A}.Release|Any CPU.Build.0 = Release|Any CPU
		{460CBBE3-3EEF-4F06-BFBB-689732F769C8}.Debug|Any CPU.ActiveCfg = Debug|Any CPU
		{460CBBE3-3EEF-4F06-BFBB-689732F769C8}.Debug|Any CPU.Build.0 = Debug|Any CPU
		{460CBBE3-3EEF-4F06-BFBB-689732F769C8}.Release|Any CPU.ActiveCfg = Release|Any CPU
		{460CBBE3-3EEF-4F06-BFBB-689732F769C8}.Release|Any CPU.Build.0 = Release|Any CPU
		{A1A362FC-503A-406E-8117-FC902928933B}.Debug|Any CPU.ActiveCfg = Debug|Any CPU
		{A1A362FC-503A-406E-8117-FC902928933B}.Debug|Any CPU.Build.0 = Debug|Any CPU
		{A1A362FC-503A-406E-8117-FC902928933B}.Release|Any CPU.ActiveCfg = Release|Any CPU
		{A1A362FC-503A-406E-8117-FC902928933B}.Release|Any CPU.Build.0 = Release|Any CPU
		{DFEFC56B-8A5C-48EC-9F01-E2CEE78E64BA}.Debug|Any CPU.ActiveCfg = Debug|Any CPU
		{DFEFC56B-8A5C-48EC-9F01-E2CEE78E64BA}.Debug|Any CPU.Build.0 = Debug|Any CPU
		{DFEFC56B-8A5C-48EC-9F01-E2CEE78E64BA}.Release|Any CPU.ActiveCfg = Release|Any CPU
		{DFEFC56B-8A5C-48EC-9F01-E2CEE78E64BA}.Release|Any CPU.Build.0 = Release|Any CPU
		{930B968F-966C-4696-915B-DC9A7D461AE7}.Debug|Any CPU.ActiveCfg = Debug|Any CPU
		{930B968F-966C-4696-915B-DC9A7D461AE7}.Debug|Any CPU.Build.0 = Debug|Any CPU
		{930B968F-966C-4696-915B-DC9A7D461AE7}.Release|Any CPU.ActiveCfg = Release|Any CPU
		{930B968F-966C-4696-915B-DC9A7D461AE7}.Release|Any CPU.Build.0 = Release|Any CPU
		{7DC10E99-83D2-4FD9-A813-ED8190AA8F79}.Debug|Any CPU.ActiveCfg = Debug|Any CPU
		{7DC10E99-83D2-4FD9-A813-ED8190AA8F79}.Debug|Any CPU.Build.0 = Debug|Any CPU
		{7DC10E99-83D2-4FD9-A813-ED8190AA8F79}.Release|Any CPU.ActiveCfg = Release|Any CPU
		{7DC10E99-83D2-4FD9-A813-ED8190AA8F79}.Release|Any CPU.Build.0 = Release|Any CPU
		{4B731DEB-05F3-4C2C-8383-96897E544D03}.Debug|Any CPU.ActiveCfg = Debug|Any CPU
		{4B731DEB-05F3-4C2C-8383-96897E544D03}.Debug|Any CPU.Build.0 = Debug|Any CPU
		{4B731DEB-05F3-4C2C-8383-96897E544D03}.Release|Any CPU.ActiveCfg = Release|Any CPU
		{4B731DEB-05F3-4C2C-8383-96897E544D03}.Release|Any CPU.Build.0 = Release|Any CPU
		{7C0B0BA6-4356-42AF-AA1D-87B03AE36E7D}.Debug|Any CPU.ActiveCfg = Debug|Any CPU
		{7C0B0BA6-4356-42AF-AA1D-87B03AE36E7D}.Debug|Any CPU.Build.0 = Debug|Any CPU
		{7C0B0BA6-4356-42AF-AA1D-87B03AE36E7D}.Release|Any CPU.ActiveCfg = Release|Any CPU
		{7C0B0BA6-4356-42AF-AA1D-87B03AE36E7D}.Release|Any CPU.Build.0 = Release|Any CPU
		{6AABE597-E079-4E82-8E0F-B493E6A5C2F9}.Debug|Any CPU.ActiveCfg = Debug|Any CPU
		{6AABE597-E079-4E82-8E0F-B493E6A5C2F9}.Debug|Any CPU.Build.0 = Debug|Any CPU
		{6AABE597-E079-4E82-8E0F-B493E6A5C2F9}.Release|Any CPU.ActiveCfg = Release|Any CPU
		{6AABE597-E079-4E82-8E0F-B493E6A5C2F9}.Release|Any CPU.Build.0 = Release|Any CPU
		{B684FE8A-EA15-42ED-9765-1E8591FDE0D7}.Debug|Any CPU.ActiveCfg = Debug|Any CPU
		{B684FE8A-EA15-42ED-9765-1E8591FDE0D7}.Debug|Any CPU.Build.0 = Debug|Any CPU
		{B684FE8A-EA15-42ED-9765-1E8591FDE0D7}.Release|Any CPU.ActiveCfg = Release|Any CPU
		{B684FE8A-EA15-42ED-9765-1E8591FDE0D7}.Release|Any CPU.Build.0 = Release|Any CPU
		{635D62C7-624C-4E96-8294-85C5A62F2FF4}.Debug|Any CPU.ActiveCfg = Debug|Any CPU
		{635D62C7-624C-4E96-8294-85C5A62F2FF4}.Debug|Any CPU.Build.0 = Debug|Any CPU
		{635D62C7-624C-4E96-8294-85C5A62F2FF4}.Release|Any CPU.ActiveCfg = Release|Any CPU
		{635D62C7-624C-4E96-8294-85C5A62F2FF4}.Release|Any CPU.Build.0 = Release|Any CPU
		{EDABE7DA-6CC0-45B4-A1AA-7E53BA208B0B}.Debug|Any CPU.ActiveCfg = Debug|Any CPU
		{EDABE7DA-6CC0-45B4-A1AA-7E53BA208B0B}.Debug|Any CPU.Build.0 = Debug|Any CPU
		{EDABE7DA-6CC0-45B4-A1AA-7E53BA208B0B}.Release|Any CPU.ActiveCfg = Release|Any CPU
		{EDABE7DA-6CC0-45B4-A1AA-7E53BA208B0B}.Release|Any CPU.Build.0 = Release|Any CPU
	EndGlobalSection
	GlobalSection(SolutionProperties) = preSolution
		HideSolutionNode = FALSE
	EndGlobalSection
	GlobalSection(NestedProjects) = preSolution
		{2637AE12-67A3-4DD9-B736-D445E230991B} = {CD2B2F5E-0A78-4081-BFD5-F7F6DF5CE0F3}
		{ACEB1D2C-D5F6-453B-9AB9-14F8C7C3EF72} = {CD2B2F5E-0A78-4081-BFD5-F7F6DF5CE0F3}
		{EAA3ED7F-B208-4FC7-BA49-7EA50D85750C} = {CD2B2F5E-0A78-4081-BFD5-F7F6DF5CE0F3}
		{B90A3F2A-B293-4403-A035-6826D451C99C} = {CD2B2F5E-0A78-4081-BFD5-F7F6DF5CE0F3}
		{A77C1E6D-0DAE-49CF-A5CD-59397FB4022B} = {CD2B2F5E-0A78-4081-BFD5-F7F6DF5CE0F3}
		{B7D1DBB1-793E-4CCB-8813-C4837A7F6AE9} = {B77C6095-2D0F-44D5-906E-C45F16F6E226}
		{0169A3B5-ABC6-4454-A01F-6DAD92D2161F} = {B77C6095-2D0F-44D5-906E-C45F16F6E226}
		{12F576E6-84D0-4D32-B148-5B065E9D838A} = {B77C6095-2D0F-44D5-906E-C45F16F6E226}
		{460CBBE3-3EEF-4F06-BFBB-689732F769C8} = {B77C6095-2D0F-44D5-906E-C45F16F6E226}
		{A1A362FC-503A-406E-8117-FC902928933B} = {B77C6095-2D0F-44D5-906E-C45F16F6E226}
		{DFEFC56B-8A5C-48EC-9F01-E2CEE78E64BA} = {9C43FEAC-8509-47A1-A117-26733B8A94D1}
		{930B968F-966C-4696-915B-DC9A7D461AE7} = {9C43FEAC-8509-47A1-A117-26733B8A94D1}
		{7DC10E99-83D2-4FD9-A813-ED8190AA8F79} = {9C43FEAC-8509-47A1-A117-26733B8A94D1}
		{4B731DEB-05F3-4C2C-8383-96897E544D03} = {9C43FEAC-8509-47A1-A117-26733B8A94D1}
		{7C0B0BA6-4356-42AF-AA1D-87B03AE36E7D} = {D522F230-8EF0-4F6B-A4E4-A45753AA2B61}
		{6AABE597-E079-4E82-8E0F-B493E6A5C2F9} = {D522F230-8EF0-4F6B-A4E4-A45753AA2B61}
		{B684FE8A-EA15-42ED-9765-1E8591FDE0D7} = {D522F230-8EF0-4F6B-A4E4-A45753AA2B61}
		{635D62C7-624C-4E96-8294-85C5A62F2FF4} = {D522F230-8EF0-4F6B-A4E4-A45753AA2B61}
		{EDABE7DA-6CC0-45B4-A1AA-7E53BA208B0B} = {3EEABA5C-314C-4DA1-AD72-87042536490E}
	EndGlobalSection
	GlobalSection(ExtensibilityGlobals) = postSolution
		SolutionGuid = {A4DBDB25-DDF3-4D18-8DF3-4E912655CE76}
	EndGlobalSection
EndGlobal
